// !$*UTF8*$!
{
	archiveVersion = 1;
	classes = {
	};
	objectVersion = 50;
	objects = {

/* Begin PBXBuildFile section */
		C060DA1624388A7900C993D8 /* AppDelegate.swift in Sources */ = {isa = PBXBuildFile; fileRef = C060DA1524388A7900C993D8 /* AppDelegate.swift */; };
		C060DA1824388A7900C993D8 /* SceneDelegate.swift in Sources */ = {isa = PBXBuildFile; fileRef = C060DA1724388A7900C993D8 /* SceneDelegate.swift */; };
		C060DA1A24388A7900C993D8 /* ViewController.swift in Sources */ = {isa = PBXBuildFile; fileRef = C060DA1924388A7900C993D8 /* ViewController.swift */; };
		C060DA1D24388A7900C993D8 /* Main.storyboard in Resources */ = {isa = PBXBuildFile; fileRef = C060DA1B24388A7900C993D8 /* Main.storyboard */; };
		C060DA1F24388A7A00C993D8 /* Assets.xcassets in Resources */ = {isa = PBXBuildFile; fileRef = C060DA1E24388A7A00C993D8 /* Assets.xcassets */; };
		C060DA2224388A7A00C993D8 /* LaunchScreen.storyboard in Resources */ = {isa = PBXBuildFile; fileRef = C060DA2024388A7A00C993D8 /* LaunchScreen.storyboard */; };
		C060DA2D24388A7A00C993D8 /* ViperMovieDemoTests.swift in Sources */ = {isa = PBXBuildFile; fileRef = C060DA2C24388A7A00C993D8 /* ViperMovieDemoTests.swift */; };
/* End PBXBuildFile section */

/* Begin PBXContainerItemProxy section */
		C060DA2924388A7A00C993D8 /* PBXContainerItemProxy */ = {
			isa = PBXContainerItemProxy;
			containerPortal = C060DA0A24388A7900C993D8 /* Project object */;
			proxyType = 1;
			remoteGlobalIDString = C060DA1124388A7900C993D8;
			remoteInfo = ViperMovieDemo;
		};
/* End PBXContainerItemProxy section */

/* Begin PBXFileReference section */
		C060DA1224388A7900C993D8 /* ViperMovieDemo.app */ = {isa = PBXFileReference; explicitFileType = wrapper.application; includeInIndex = 0; path = ViperMovieDemo.app; sourceTree = BUILT_PRODUCTS_DIR; };
		C060DA1524388A7900C993D8 /* AppDelegate.swift */ = {isa = PBXFileReference; lastKnownFileType = sourcecode.swift; path = AppDelegate.swift; sourceTree = "<group>"; };
		C060DA1724388A7900C993D8 /* SceneDelegate.swift */ = {isa = PBXFileReference; lastKnownFileType = sourcecode.swift; path = SceneDelegate.swift; sourceTree = "<group>"; };
		C060DA1924388A7900C993D8 /* ViewController.swift */ = {isa = PBXFileReference; lastKnownFileType = sourcecode.swift; path = ViewController.swift; sourceTree = "<group>"; };
		C060DA1C24388A7900C993D8 /* Base */ = {isa = PBXFileReference; lastKnownFileType = file.storyboard; name = Base; path = Base.lproj/Main.storyboard; sourceTree = "<group>"; };
		C060DA1E24388A7A00C993D8 /* Assets.xcassets */ = {isa = PBXFileReference; lastKnownFileType = folder.assetcatalog; path = Assets.xcassets; sourceTree = "<group>"; };
		C060DA2124388A7A00C993D8 /* Base */ = {isa = PBXFileReference; lastKnownFileType = file.storyboard; name = Base; path = Base.lproj/LaunchScreen.storyboard; sourceTree = "<group>"; };
		C060DA2324388A7A00C993D8 /* Info.plist */ = {isa = PBXFileReference; lastKnownFileType = text.plist.xml; path = Info.plist; sourceTree = "<group>"; };
		C060DA2824388A7A00C993D8 /* ViperMovieDemoTests.xctest */ = {isa = PBXFileReference; explicitFileType = wrapper.cfbundle; includeInIndex = 0; path = ViperMovieDemoTests.xctest; sourceTree = BUILT_PRODUCTS_DIR; };
		C060DA2C24388A7A00C993D8 /* ViperMovieDemoTests.swift */ = {isa = PBXFileReference; lastKnownFileType = sourcecode.swift; path = ViperMovieDemoTests.swift; sourceTree = "<group>"; };
		C060DA2E24388A7A00C993D8 /* Info.plist */ = {isa = PBXFileReference; lastKnownFileType = text.plist.xml; path = Info.plist; sourceTree = "<group>"; };
/* End PBXFileReference section */

/* Begin PBXFrameworksBuildPhase section */
		C060DA0F24388A7900C993D8 /* Frameworks */ = {
			isa = PBXFrameworksBuildPhase;
			buildActionMask = 2147483647;
			files = (
			);
			runOnlyForDeploymentPostprocessing = 0;
		};
		C060DA2524388A7A00C993D8 /* Frameworks */ = {
			isa = PBXFrameworksBuildPhase;
			buildActionMask = 2147483647;
			files = (
			);
			runOnlyForDeploymentPostprocessing = 0;
		};
/* End PBXFrameworksBuildPhase section */

/* Begin PBXGroup section */
		C060DA0924388A7900C993D8 = {
			isa = PBXGroup;
			children = (
				C060DA1424388A7900C993D8 /* ViperMovieDemo */,
				C060DA2B24388A7A00C993D8 /* ViperMovieDemoTests */,
				C060DA1324388A7900C993D8 /* Products */,
			);
			sourceTree = "<group>";
		};
		C060DA1324388A7900C993D8 /* Products */ = {
			isa = PBXGroup;
			children = (
				C060DA1224388A7900C993D8 /* ViperMovieDemo.app */,
				C060DA2824388A7A00C993D8 /* ViperMovieDemoTests.xctest */,
			);
			name = Products;
			sourceTree = "<group>";
		};
		C060DA1424388A7900C993D8 /* ViperMovieDemo */ = {
			isa = PBXGroup;
			children = (
				C060DA1524388A7900C993D8 /* AppDelegate.swift */,
				C060DA1724388A7900C993D8 /* SceneDelegate.swift */,
				C060DA1924388A7900C993D8 /* ViewController.swift */,
				C060DA1B24388A7900C993D8 /* Main.storyboard */,
				C060DA1E24388A7A00C993D8 /* Assets.xcassets */,
				C060DA2024388A7A00C993D8 /* LaunchScreen.storyboard */,
				C060DA2324388A7A00C993D8 /* Info.plist */,
			);
			path = ViperMovieDemo;
			sourceTree = "<group>";
		};
		C060DA2B24388A7A00C993D8 /* ViperMovieDemoTests */ = {
			isa = PBXGroup;
			children = (
				C060DA2C24388A7A00C993D8 /* ViperMovieDemoTests.swift */,
				C060DA2E24388A7A00C993D8 /* Info.plist */,
			);
			path = ViperMovieDemoTests;
			sourceTree = "<group>";
		};
/* End PBXGroup section */

/* Begin PBXNativeTarget section */
		C060DA1124388A7900C993D8 /* ViperMovieDemo */ = {
			isa = PBXNativeTarget;
			buildConfigurationList = C060DA3124388A7A00C993D8 /* Build configuration list for PBXNativeTarget "ViperMovieDemo" */;
			buildPhases = (
				C060DA0E24388A7900C993D8 /* Sources */,
				C060DA0F24388A7900C993D8 /* Frameworks */,
				C060DA1024388A7900C993D8 /* Resources */,
			);
			buildRules = (
			);
			dependencies = (
			);
			name = ViperMovieDemo;
			productName = ViperMovieDemo;
			productReference = C060DA1224388A7900C993D8 /* ViperMovieDemo.app */;
			productType = "com.apple.product-type.application";
		};
		C060DA2724388A7A00C993D8 /* ViperMovieDemoTests */ = {
			isa = PBXNativeTarget;
			buildConfigurationList = C060DA3424388A7A00C993D8 /* Build configuration list for PBXNativeTarget "ViperMovieDemoTests" */;
			buildPhases = (
				C060DA2424388A7A00C993D8 /* Sources */,
				C060DA2524388A7A00C993D8 /* Frameworks */,
				C060DA2624388A7A00C993D8 /* Resources */,
			);
			buildRules = (
			);
			dependencies = (
				C060DA2A24388A7A00C993D8 /* PBXTargetDependency */,
			);
			name = ViperMovieDemoTests;
			productName = ViperMovieDemoTests;
			productReference = C060DA2824388A7A00C993D8 /* ViperMovieDemoTests.xctest */;
			productType = "com.apple.product-type.bundle.unit-test";
		};
/* End PBXNativeTarget section */

/* Begin PBXProject section */
		C060DA0A24388A7900C993D8 /* Project object */ = {
			isa = PBXProject;
			attributes = {
				LastSwiftUpdateCheck = 1140;
				LastUpgradeCheck = 1140;
				ORGANIZATIONNAME = "Basil Salad Software";
				TargetAttributes = {
					C060DA1124388A7900C993D8 = {
						CreatedOnToolsVersion = 11.4;
					};
					C060DA2724388A7A00C993D8 = {
						CreatedOnToolsVersion = 11.4;
						TestTargetID = C060DA1124388A7900C993D8;
					};
				};
			};
			buildConfigurationList = C060DA0D24388A7900C993D8 /* Build configuration list for PBXProject "ViperMovieDemo" */;
			compatibilityVersion = "Xcode 9.3";
			developmentRegion = en;
			hasScannedForEncodings = 0;
			knownRegions = (
				en,
				Base,
			);
			mainGroup = C060DA0924388A7900C993D8;
			productRefGroup = C060DA1324388A7900C993D8 /* Products */;
			projectDirPath = "";
			projectRoot = "";
			targets = (
				C060DA1124388A7900C993D8 /* ViperMovieDemo */,
				C060DA2724388A7A00C993D8 /* ViperMovieDemoTests */,
			);
		};
/* End PBXProject section */

/* Begin PBXResourcesBuildPhase section */
		C060DA1024388A7900C993D8 /* Resources */ = {
			isa = PBXResourcesBuildPhase;
			buildActionMask = 2147483647;
			files = (
				C060DA2224388A7A00C993D8 /* LaunchScreen.storyboard in Resources */,
				C060DA1F24388A7A00C993D8 /* Assets.xcassets in Resources */,
				C060DA1D24388A7900C993D8 /* Main.storyboard in Resources */,
			);
			runOnlyForDeploymentPostprocessing = 0;
		};
		C060DA2624388A7A00C993D8 /* Resources */ = {
			isa = PBXResourcesBuildPhase;
			buildActionMask = 2147483647;
			files = (
			);
			runOnlyForDeploymentPostprocessing = 0;
		};
/* End PBXResourcesBuildPhase section */

/* Begin PBXSourcesBuildPhase section */
		C060DA0E24388A7900C993D8 /* Sources */ = {
			isa = PBXSourcesBuildPhase;
			buildActionMask = 2147483647;
			files = (
				C060DA1A24388A7900C993D8 /* ViewController.swift in Sources */,
				C060DA1624388A7900C993D8 /* AppDelegate.swift in Sources */,
				C060DA1824388A7900C993D8 /* SceneDelegate.swift in Sources */,
			);
			runOnlyForDeploymentPostprocessing = 0;
		};
		C060DA2424388A7A00C993D8 /* Sources */ = {
			isa = PBXSourcesBuildPhase;
			buildActionMask = 2147483647;
			files = (
				C060DA2D24388A7A00C993D8 /* ViperMovieDemoTests.swift in Sources */,
			);
			runOnlyForDeploymentPostprocessing = 0;
		};
/* End PBXSourcesBuildPhase section */

/* Begin PBXTargetDependency section */
		C060DA2A24388A7A00C993D8 /* PBXTargetDependency */ = {
			isa = PBXTargetDependency;
			target = C060DA1124388A7900C993D8 /* ViperMovieDemo */;
			targetProxy = C060DA2924388A7A00C993D8 /* PBXContainerItemProxy */;
		};
/* End PBXTargetDependency section */

/* Begin PBXVariantGroup section */
		C060DA1B24388A7900C993D8 /* Main.storyboard */ = {
			isa = PBXVariantGroup;
			children = (
				C060DA1C24388A7900C993D8 /* Base */,
			);
			name = Main.storyboard;
			sourceTree = "<group>";
		};
		C060DA2024388A7A00C993D8 /* LaunchScreen.storyboard */ = {
			isa = PBXVariantGroup;
			children = (
				C060DA2124388A7A00C993D8 /* Base */,
			);
			name = LaunchScreen.storyboard;
			sourceTree = "<group>";
		};
/* End PBXVariantGroup section */

/* Begin XCBuildConfiguration section */
		C060DA2F24388A7A00C993D8 /* Debug */ = {
			isa = XCBuildConfiguration;
			buildSettings = {
				ALWAYS_SEARCH_USER_PATHS = NO;
				CLANG_ANALYZER_NONNULL = YES;
				CLANG_ANALYZER_NUMBER_OBJECT_CONVERSION = YES_AGGRESSIVE;
				CLANG_CXX_LANGUAGE_STANDARD = "gnu++14";
				CLANG_CXX_LIBRARY = "libc++";
				CLANG_ENABLE_MODULES = YES;
				CLANG_ENABLE_OBJC_ARC = YES;
				CLANG_ENABLE_OBJC_WEAK = YES;
				CLANG_WARN_BLOCK_CAPTURE_AUTORELEASING = YES;
				CLANG_WARN_BOOL_CONVERSION = YES;
				CLANG_WARN_COMMA = YES;
				CLANG_WARN_CONSTANT_CONVERSION = YES;
				CLANG_WARN_DEPRECATED_OBJC_IMPLEMENTATIONS = YES;
				CLANG_WARN_DIRECT_OBJC_ISA_USAGE = YES_ERROR;
				CLANG_WARN_DOCUMENTATION_COMMENTS = YES;
				CLANG_WARN_EMPTY_BODY = YES;
				CLANG_WARN_ENUM_CONVERSION = YES;
				CLANG_WARN_INFINITE_RECURSION = YES;
				CLANG_WARN_INT_CONVERSION = YES;
				CLANG_WARN_NON_LITERAL_NULL_CONVERSION = YES;
				CLANG_WARN_OBJC_IMPLICIT_RETAIN_SELF = YES;
				CLANG_WARN_OBJC_LITERAL_CONVERSION = YES;
				CLANG_WARN_OBJC_ROOT_CLASS = YES_ERROR;
				CLANG_WARN_RANGE_LOOP_ANALYSIS = YES;
				CLANG_WARN_STRICT_PROTOTYPES = YES;
				CLANG_WARN_SUSPICIOUS_MOVE = YES;
				CLANG_WARN_UNGUARDED_AVAILABILITY = YES_AGGRESSIVE;
				CLANG_WARN_UNREACHABLE_CODE = YES;
				CLANG_WARN__DUPLICATE_METHOD_MATCH = YES;
				COPY_PHASE_STRIP = NO;
				DEBUG_INFORMATION_FORMAT = dwarf;
				ENABLE_STRICT_OBJC_MSGSEND = YES;
				ENABLE_TESTABILITY = YES;
				GCC_C_LANGUAGE_STANDARD = gnu11;
				GCC_DYNAMIC_NO_PIC = NO;
				GCC_NO_COMMON_BLOCKS = YES;
				GCC_OPTIMIZATION_LEVEL = 0;
				GCC_PREPROCESSOR_DEFINITIONS = (
					"DEBUG=1",
					"$(inherited)",
				);
				GCC_WARN_64_TO_32_BIT_CONVERSION = YES;
				GCC_WARN_ABOUT_RETURN_TYPE = YES_ERROR;
				GCC_WARN_UNDECLARED_SELECTOR = YES;
				GCC_WARN_UNINITIALIZED_AUTOS = YES_AGGRESSIVE;
				GCC_WARN_UNUSED_FUNCTION = YES;
				GCC_WARN_UNUSED_VARIABLE = YES;
				IPHONEOS_DEPLOYMENT_TARGET = 13.4;
				MTL_ENABLE_DEBUG_INFO = INCLUDE_SOURCE;
				MTL_FAST_MATH = YES;
				ONLY_ACTIVE_ARCH = YES;
				SDKROOT = iphoneos;
				SWIFT_ACTIVE_COMPILATION_CONDITIONS = DEBUG;
				SWIFT_OPTIMIZATION_LEVEL = "-Onone";
			};
			name = Debug;
		};
		C060DA3024388A7A00C993D8 /* Release */ = {
			isa = XCBuildConfiguration;
			buildSettings = {
				ALWAYS_SEARCH_USER_PATHS = NO;
				CLANG_ANALYZER_NONNULL = YES;
				CLANG_ANALYZER_NUMBER_OBJECT_CONVERSION = YES_AGGRESSIVE;
				CLANG_CXX_LANGUAGE_STANDARD = "gnu++14";
				CLANG_CXX_LIBRARY = "libc++";
				CLANG_ENABLE_MODULES = YES;
				CLANG_ENABLE_OBJC_ARC = YES;
				CLANG_ENABLE_OBJC_WEAK = YES;
				CLANG_WARN_BLOCK_CAPTURE_AUTORELEASING = YES;
				CLANG_WARN_BOOL_CONVERSION = YES;
				CLANG_WARN_COMMA = YES;
				CLANG_WARN_CONSTANT_CONVERSION = YES;
				CLANG_WARN_DEPRECATED_OBJC_IMPLEMENTATIONS = YES;
				CLANG_WARN_DIRECT_OBJC_ISA_USAGE = YES_ERROR;
				CLANG_WARN_DOCUMENTATION_COMMENTS = YES;
				CLANG_WARN_EMPTY_BODY = YES;
				CLANG_WARN_ENUM_CONVERSION = YES;
				CLANG_WARN_INFINITE_RECURSION = YES;
				CLANG_WARN_INT_CONVERSION = YES;
				CLANG_WARN_NON_LITERAL_NULL_CONVERSION = YES;
				CLANG_WARN_OBJC_IMPLICIT_RETAIN_SELF = YES;
				CLANG_WARN_OBJC_LITERAL_CONVERSION = YES;
				CLANG_WARN_OBJC_ROOT_CLASS = YES_ERROR;
				CLANG_WARN_RANGE_LOOP_ANALYSIS = YES;
				CLANG_WARN_STRICT_PROTOTYPES = YES;
				CLANG_WARN_SUSPICIOUS_MOVE = YES;
				CLANG_WARN_UNGUARDED_AVAILABILITY = YES_AGGRESSIVE;
				CLANG_WARN_UNREACHABLE_CODE = YES;
				CLANG_WARN__DUPLICATE_METHOD_MATCH = YES;
				COPY_PHASE_STRIP = NO;
				DEBUG_INFORMATION_FORMAT = "dwarf-with-dsym";
				ENABLE_NS_ASSERTIONS = NO;
				ENABLE_STRICT_OBJC_MSGSEND = YES;
				GCC_C_LANGUAGE_STANDARD = gnu11;
				GCC_NO_COMMON_BLOCKS = YES;
				GCC_WARN_64_TO_32_BIT_CONVERSION = YES;
				GCC_WARN_ABOUT_RETURN_TYPE = YES_ERROR;
				GCC_WARN_UNDECLARED_SELECTOR = YES;
				GCC_WARN_UNINITIALIZED_AUTOS = YES_AGGRESSIVE;
				GCC_WARN_UNUSED_FUNCTION = YES;
				GCC_WARN_UNUSED_VARIABLE = YES;
				IPHONEOS_DEPLOYMENT_TARGET = 13.4;
				MTL_ENABLE_DEBUG_INFO = NO;
				MTL_FAST_MATH = YES;
				SDKROOT = iphoneos;
				SWIFT_COMPILATION_MODE = wholemodule;
				SWIFT_OPTIMIZATION_LEVEL = "-O";
				VALIDATE_PRODUCT = YES;
			};
			name = Release;
		};
		C060DA3224388A7A00C993D8 /* Debug */ = {
			isa = XCBuildConfiguration;
			buildSettings = {
				ASSETCATALOG_COMPILER_APPICON_NAME = AppIcon;
				CODE_SIGN_STYLE = Automatic;
				DEVELOPMENT_TEAM = F3VP86DSRS;
				INFOPLIST_FILE = ViperMovieDemo/Info.plist;
				LD_RUNPATH_SEARCH_PATHS = (
					"$(inherited)",
					"@executable_path/Frameworks",
				);
				PRODUCT_BUNDLE_IDENTIFIER = "com.basilsalad.viper-movie-demo.ViperMovieDemo";
				PRODUCT_NAME = "$(TARGET_NAME)";
				SWIFT_VERSION = 5.0;
				TARGETED_DEVICE_FAMILY = "1,2";
			};
			name = Debug;
		};
		C060DA3324388A7A00C993D8 /* Release */ = {
			isa = XCBuildConfiguration;
			buildSettings = {
				ASSETCATALOG_COMPILER_APPICON_NAME = AppIcon;
				CODE_SIGN_STYLE = Automatic;
				DEVELOPMENT_TEAM = F3VP86DSRS;
				INFOPLIST_FILE = ViperMovieDemo/Info.plist;
				LD_RUNPATH_SEARCH_PATHS = (
					"$(inherited)",
					"@executable_path/Frameworks",
				);
				PRODUCT_BUNDLE_IDENTIFIER = "com.basilsalad.viper-movie-demo.ViperMovieDemo";
				PRODUCT_NAME = "$(TARGET_NAME)";
				SWIFT_VERSION = 5.0;
				TARGETED_DEVICE_FAMILY = "1,2";
			};
			name = Release;
		};
		C060DA3524388A7A00C993D8 /* Debug */ = {
			isa = XCBuildConfiguration;
			buildSettings = {
				ALWAYS_EMBED_SWIFT_STANDARD_LIBRARIES = YES;
				BUNDLE_LOADER = "$(TEST_HOST)";
				CODE_SIGN_STYLE = Automatic;
				DEVELOPMENT_TEAM = F3VP86DSRS;
				INFOPLIST_FILE = ViperMovieDemoTests/Info.plist;
				IPHONEOS_DEPLOYMENT_TARGET = 13.4;
				LD_RUNPATH_SEARCH_PATHS = (
					"$(inherited)",
					"@executable_path/Frameworks",
					"@loader_path/Frameworks",
				);
				PRODUCT_BUNDLE_IDENTIFIER = "com.basilsalad.viper-movie-demo.ViperMovieDemoTests";
				PRODUCT_NAME = "$(TARGET_NAME)";
				SWIFT_VERSION = 5.0;
				TARGETED_DEVICE_FAMILY = "1,2";
				TEST_HOST = "$(BUILT_PRODUCTS_DIR)/ViperMovieDemo.app/ViperMovieDemo";
			};
			name = Debug;
		};
		C060DA3624388A7A00C993D8 /* Release */ = {
			isa = XCBuildConfiguration;
			buildSettings = {
				ALWAYS_EMBED_SWIFT_STANDARD_LIBRARIES = YES;
				BUNDLE_LOADER = "$(TEST_HOST)";
				CODE_SIGN_STYLE = Automatic;
				DEVELOPMENT_TEAM = F3VP86DSRS;
				INFOPLIST_FILE = ViperMovieDemoTests/Info.plist;
				IPHONEOS_DEPLOYMENT_TARGET = 13.4;
				LD_RUNPATH_SEARCH_PATHS = (
					"$(inherited)",
					"@executable_path/Frameworks",
					"@loader_path/Frameworks",
				);
				PRODUCT_BUNDLE_IDENTIFIER = "com.basilsalad.viper-movie-demo.ViperMovieDemoTests";
				PRODUCT_NAME = "$(TARGET_NAME)";
				SWIFT_VERSION = 5.0;
				TARGETED_DEVICE_FAMILY = "1,2";
				TEST_HOST = "$(BUILT_PRODUCTS_DIR)/ViperMovieDemo.app/ViperMovieDemo";
			};
			name = Release;
		};
/* End XCBuildConfiguration section */

/* Begin XCConfigurationList section */
		C060DA0D24388A7900C993D8 /* Build configuration list for PBXProject "ViperMovieDemo" */ = {
			isa = XCConfigurationList;
			buildConfigurations = (
				C060DA2F24388A7A00C993D8 /* Debug */,
				C060DA3024388A7A00C993D8 /* Release */,
			);
			defaultConfigurationIsVisible = 0;
			defaultConfigurationName = Release;
		};
		C060DA3124388A7A00C993D8 /* Build configuration list for PBXNativeTarget "ViperMovieDemo" */ = {
			isa = XCConfigurationList;
			buildConfigurations = (
				C060DA3224388A7A00C993D8 /* Debug */,
				C060DA3324388A7A00C993D8 /* Release */,
			);
			defaultConfigurationIsVisible = 0;
			defaultConfigurationName = Release;
		};
		C060DA3424388A7A00C993D8 /* Build configuration list for PBXNativeTarget "ViperMovieDemoTests" */ = {
			isa = XCConfigurationList;
			buildConfigurations = (
				C060DA3524388A7A00C993D8 /* Debug */,
				C060DA3624388A7A00C993D8 /* Release */,
			);
			defaultConfigurationIsVisible = 0;
			defaultConfigurationName = Release;
		};
/* End XCConfigurationList section */
	};
	rootObject = C060DA0A24388A7900C993D8 /* Project object */;
}
